# This file is automatically @generated by Poetry 1.4.0 and should not be changed by hand.

[[package]]
name = "anyio"
version = "3.7.1"
description = "High level compatibility layer for multiple asynchronous event loop implementations"
category = "main"
optional = false
python-versions = ">=3.7"
files = [
    {file = "anyio-3.7.1-py3-none-any.whl", hash = "sha256:91dee416e570e92c64041bd18b900d1d6fa78dff7048769ce5ac5ddad004fbb5"},
    {file = "anyio-3.7.1.tar.gz", hash = "sha256:44a3c9aba0f5defa43261a8b3efb97891f2bd7d804e0e1f56419befa1adfc780"},
]

[package.dependencies]
exceptiongroup = {version = "*", markers = "python_version < \"3.11\""}
idna = ">=2.8"
sniffio = ">=1.1"
typing-extensions = {version = "*", markers = "python_version < \"3.8\""}

[package.extras]
doc = ["Sphinx", "packaging", "sphinx-autodoc-typehints (>=1.2.0)", "sphinx-rtd-theme (>=1.2.2)", "sphinxcontrib-jquery"]
test = ["anyio[trio]", "coverage[toml] (>=4.5)", "hypothesis (>=4.0)", "mock (>=4)", "psutil (>=5.9)", "pytest (>=7.0)", "pytest-mock (>=3.6.1)", "trustme", "uvloop (>=0.17)"]
trio = ["trio (<0.22)"]

[[package]]
name = "certifi"
version = "2023.11.17"
description = "Python package for providing Mozilla's CA Bundle."
category = "main"
optional = false
python-versions = ">=3.6"
files = [
    {file = "certifi-2023.11.17-py3-none-any.whl", hash = "sha256:e036ab49d5b79556f99cfc2d9320b34cfbe5be05c5871b51de9329f0603b0474"},
    {file = "certifi-2023.11.17.tar.gz", hash = "sha256:9b469f3a900bf28dc19b8cfbf8019bf47f7fdd1a65a1d4ffb98fc14166beb4d1"},
]

[[package]]
name = "charset-normalizer"
version = "3.3.2"
description = "The Real First Universal Charset Detector. Open, modern and actively maintained alternative to Chardet."
category = "main"
optional = false
python-versions = ">=3.7.0"
files = [
    {file = "charset-normalizer-3.3.2.tar.gz", hash = "sha256:f30c3cb33b24454a82faecaf01b19c18562b1e89558fb6c56de4d9118a032fd5"},
    {file = "charset_normalizer-3.3.2-cp310-cp310-macosx_10_9_universal2.whl", hash = "sha256:25baf083bf6f6b341f4121c2f3c548875ee6f5339300e08be3f2b2ba1721cdd3"},
    {file = "charset_normalizer-3.3.2-cp310-cp310-macosx_10_9_x86_64.whl", hash = "sha256:06435b539f889b1f6f4ac1758871aae42dc3a8c0e24ac9e60c2384973ad73027"},
    {file = "charset_normalizer-3.3.2-cp310-cp310-macosx_11_0_arm64.whl", hash = "sha256:9063e24fdb1e498ab71cb7419e24622516c4a04476b17a2dab57e8baa30d6e03"},
    {file = "charset_normalizer-3.3.2-cp310-cp310-manylinux_2_17_aarch64.manylinux2014_aarch64.whl", hash = "sha256:6897af51655e3691ff853668779c7bad41579facacf5fd7253b0133308cf000d"},
    {file = "charset_normalizer-3.3.2-cp310-cp310-manylinux_2_17_ppc64le.manylinux2014_ppc64le.whl", hash = "sha256:1d3193f4a680c64b4b6a9115943538edb896edc190f0b222e73761716519268e"},
    {file = "charset_normalizer-3.3.2-cp310-cp310-manylinux_2_17_s390x.manylinux2014_s390x.whl", hash = "sha256:cd70574b12bb8a4d2aaa0094515df2463cb429d8536cfb6c7ce983246983e5a6"},
    {file = "charset_normalizer-3.3.2-cp310-cp310-manylinux_2_17_x86_64.manylinux2014_x86_64.whl", hash = "sha256:8465322196c8b4d7ab6d1e049e4c5cb460d0394da4a27d23cc242fbf0034b6b5"},
    {file = "charset_normalizer-3.3.2-cp310-cp310-manylinux_2_5_i686.manylinux1_i686.manylinux_2_17_i686.manylinux2014_i686.whl", hash = "sha256:a9a8e9031d613fd2009c182b69c7b2c1ef8239a0efb1df3f7c8da66d5dd3d537"},
    {file = "charset_normalizer-3.3.2-cp310-cp310-musllinux_1_1_aarch64.whl", hash = "sha256:beb58fe5cdb101e3a055192ac291b7a21e3b7ef4f67fa1d74e331a7f2124341c"},
    {file = "charset_normalizer-3.3.2-cp310-cp310-musllinux_1_1_i686.whl", hash = "sha256:e06ed3eb3218bc64786f7db41917d4e686cc4856944f53d5bdf83a6884432e12"},
    {file = "charset_normalizer-3.3.2-cp310-cp310-musllinux_1_1_ppc64le.whl", hash = "sha256:2e81c7b9c8979ce92ed306c249d46894776a909505d8f5a4ba55b14206e3222f"},
    {file = "charset_normalizer-3.3.2-cp310-cp310-musllinux_1_1_s390x.whl", hash = "sha256:572c3763a264ba47b3cf708a44ce965d98555f618ca42c926a9c1616d8f34269"},
    {file = "charset_normalizer-3.3.2-cp310-cp310-musllinux_1_1_x86_64.whl", hash = "sha256:fd1abc0d89e30cc4e02e4064dc67fcc51bd941eb395c502aac3ec19fab46b519"},
    {file = "charset_normalizer-3.3.2-cp310-cp310-win32.whl", hash = "sha256:3d47fa203a7bd9c5b6cee4736ee84ca03b8ef23193c0d1ca99b5089f72645c73"},
    {file = "charset_normalizer-3.3.2-cp310-cp310-win_amd64.whl", hash = "sha256:10955842570876604d404661fbccbc9c7e684caf432c09c715ec38fbae45ae09"},
    {file = "charset_normalizer-3.3.2-cp311-cp311-macosx_10_9_universal2.whl", hash = "sha256:802fe99cca7457642125a8a88a084cef28ff0cf9407060f7b93dca5aa25480db"},
    {file = "charset_normalizer-3.3.2-cp311-cp311-macosx_10_9_x86_64.whl", hash = "sha256:573f6eac48f4769d667c4442081b1794f52919e7edada77495aaed9236d13a96"},
    {file = "charset_normalizer-3.3.2-cp311-cp311-macosx_11_0_arm64.whl", hash = "sha256:549a3a73da901d5bc3ce8d24e0600d1fa85524c10287f6004fbab87672bf3e1e"},
    {file = "charset_normalizer-3.3.2-cp311-cp311-manylinux_2_17_aarch64.manylinux2014_aarch64.whl", hash = "sha256:f27273b60488abe721a075bcca6d7f3964f9f6f067c8c4c605743023d7d3944f"},
    {file = "charset_normalizer-3.3.2-cp311-cp311-manylinux_2_17_ppc64le.manylinux2014_ppc64le.whl", hash = "sha256:1ceae2f17a9c33cb48e3263960dc5fc8005351ee19db217e9b1bb15d28c02574"},
    {file = "charset_normalizer-3.3.2-cp311-cp311-manylinux_2_17_s390x.manylinux2014_s390x.whl", hash = "sha256:65f6f63034100ead094b8744b3b97965785388f308a64cf8d7c34f2f2e5be0c4"},
    {file = "charset_normalizer-3.3.2-cp311-cp311-manylinux_2_17_x86_64.manylinux2014_x86_64.whl", hash = "sha256:753f10e867343b4511128c6ed8c82f7bec3bd026875576dfd88483c5c73b2fd8"},
    {file = "charset_normalizer-3.3.2-cp311-cp311-manylinux_2_5_i686.manylinux1_i686.manylinux_2_17_i686.manylinux2014_i686.whl", hash = "sha256:4a78b2b446bd7c934f5dcedc588903fb2f5eec172f3d29e52a9096a43722adfc"},
    {file = "charset_normalizer-3.3.2-cp311-cp311-musllinux_1_1_aarch64.whl", hash = "sha256:e537484df0d8f426ce2afb2d0f8e1c3d0b114b83f8850e5f2fbea0e797bd82ae"},
    {file = "charset_normalizer-3.3.2-cp311-cp311-musllinux_1_1_i686.whl", hash = "sha256:eb6904c354526e758fda7167b33005998fb68c46fbc10e013ca97f21ca5c8887"},
    {file = "charset_normalizer-3.3.2-cp311-cp311-musllinux_1_1_ppc64le.whl", hash = "sha256:deb6be0ac38ece9ba87dea880e438f25ca3eddfac8b002a2ec3d9183a454e8ae"},
    {file = "charset_normalizer-3.3.2-cp311-cp311-musllinux_1_1_s390x.whl", hash = "sha256:4ab2fe47fae9e0f9dee8c04187ce5d09f48eabe611be8259444906793ab7cbce"},
    {file = "charset_normalizer-3.3.2-cp311-cp311-musllinux_1_1_x86_64.whl", hash = "sha256:80402cd6ee291dcb72644d6eac93785fe2c8b9cb30893c1af5b8fdd753b9d40f"},
    {file = "charset_normalizer-3.3.2-cp311-cp311-win32.whl", hash = "sha256:7cd13a2e3ddeed6913a65e66e94b51d80a041145a026c27e6bb76c31a853c6ab"},
    {file = "charset_normalizer-3.3.2-cp311-cp311-win_amd64.whl", hash = "sha256:663946639d296df6a2bb2aa51b60a2454ca1cb29835324c640dafb5ff2131a77"},
    {file = "charset_normalizer-3.3.2-cp312-cp312-macosx_10_9_universal2.whl", hash = "sha256:0b2b64d2bb6d3fb9112bafa732def486049e63de9618b5843bcdd081d8144cd8"},
    {file = "charset_normalizer-3.3.2-cp312-cp312-macosx_10_9_x86_64.whl", hash = "sha256:ddbb2551d7e0102e7252db79ba445cdab71b26640817ab1e3e3648dad515003b"},
    {file = "charset_normalizer-3.3.2-cp312-cp312-macosx_11_0_arm64.whl", hash = "sha256:55086ee1064215781fff39a1af09518bc9255b50d6333f2e4c74ca09fac6a8f6"},
    {file = "charset_normalizer-3.3.2-cp312-cp312-manylinux_2_17_aarch64.manylinux2014_aarch64.whl", hash = "sha256:8f4a014bc36d3c57402e2977dada34f9c12300af536839dc38c0beab8878f38a"},
    {file = "charset_normalizer-3.3.2-cp312-cp312-manylinux_2_17_ppc64le.manylinux2014_ppc64le.whl", hash = "sha256:a10af20b82360ab00827f916a6058451b723b4e65030c5a18577c8b2de5b3389"},
    {file = "charset_normalizer-3.3.2-cp312-cp312-manylinux_2_17_s390x.manylinux2014_s390x.whl", hash = "sha256:8d756e44e94489e49571086ef83b2bb8ce311e730092d2c34ca8f7d925cb20aa"},
    {file = "charset_normalizer-3.3.2-cp312-cp312-manylinux_2_17_x86_64.manylinux2014_x86_64.whl", hash = "sha256:90d558489962fd4918143277a773316e56c72da56ec7aa3dc3dbbe20fdfed15b"},
    {file = "charset_normalizer-3.3.2-cp312-cp312-manylinux_2_5_i686.manylinux1_i686.manylinux_2_17_i686.manylinux2014_i686.whl", hash = "sha256:6ac7ffc7ad6d040517be39eb591cac5ff87416c2537df6ba3cba3bae290c0fed"},
    {file = "charset_normalizer-3.3.2-cp312-cp312-musllinux_1_1_aarch64.whl", hash = "sha256:7ed9e526742851e8d5cc9e6cf41427dfc6068d4f5a3bb03659444b4cabf6bc26"},
    {file = "charset_normalizer-3.3.2-cp312-cp312-musllinux_1_1_i686.whl", hash = "sha256:8bdb58ff7ba23002a4c5808d608e4e6c687175724f54a5dade5fa8c67b604e4d"},
    {file = "charset_normalizer-3.3.2-cp312-cp312-musllinux_1_1_ppc64le.whl", hash = "sha256:6b3251890fff30ee142c44144871185dbe13b11bab478a88887a639655be1068"},
    {file = "charset_normalizer-3.3.2-cp312-cp312-musllinux_1_1_s390x.whl", hash = "sha256:b4a23f61ce87adf89be746c8a8974fe1c823c891d8f86eb218bb957c924bb143"},
    {file = "charset_normalizer-3.3.2-cp312-cp312-musllinux_1_1_x86_64.whl", hash = "sha256:efcb3f6676480691518c177e3b465bcddf57cea040302f9f4e6e191af91174d4"},
    {file = "charset_normalizer-3.3.2-cp312-cp312-win32.whl", hash = "sha256:d965bba47ddeec8cd560687584e88cf699fd28f192ceb452d1d7ee807c5597b7"},
    {file = "charset_normalizer-3.3.2-cp312-cp312-win_amd64.whl", hash = "sha256:96b02a3dc4381e5494fad39be677abcb5e6634bf7b4fa83a6dd3112607547001"},
    {file = "charset_normalizer-3.3.2-cp37-cp37m-macosx_10_9_x86_64.whl", hash = "sha256:95f2a5796329323b8f0512e09dbb7a1860c46a39da62ecb2324f116fa8fdc85c"},
    {file = "charset_normalizer-3.3.2-cp37-cp37m-manylinux_2_17_aarch64.manylinux2014_aarch64.whl", hash = "sha256:c002b4ffc0be611f0d9da932eb0f704fe2602a9a949d1f738e4c34c75b0863d5"},
    {file = "charset_normalizer-3.3.2-cp37-cp37m-manylinux_2_17_ppc64le.manylinux2014_ppc64le.whl", hash = "sha256:a981a536974bbc7a512cf44ed14938cf01030a99e9b3a06dd59578882f06f985"},
    {file = "charset_normalizer-3.3.2-cp37-cp37m-manylinux_2_17_s390x.manylinux2014_s390x.whl", hash = "sha256:3287761bc4ee9e33561a7e058c72ac0938c4f57fe49a09eae428fd88aafe7bb6"},
    {file = "charset_normalizer-3.3.2-cp37-cp37m-manylinux_2_17_x86_64.manylinux2014_x86_64.whl", hash = "sha256:42cb296636fcc8b0644486d15c12376cb9fa75443e00fb25de0b8602e64c1714"},
    {file = "charset_normalizer-3.3.2-cp37-cp37m-manylinux_2_5_i686.manylinux1_i686.manylinux_2_17_i686.manylinux2014_i686.whl", hash = "sha256:0a55554a2fa0d408816b3b5cedf0045f4b8e1a6065aec45849de2d6f3f8e9786"},
    {file = "charset_normalizer-3.3.2-cp37-cp37m-musllinux_1_1_aarch64.whl", hash = "sha256:c083af607d2515612056a31f0a8d9e0fcb5876b7bfc0abad3ecd275bc4ebc2d5"},
    {file = "charset_normalizer-3.3.2-cp37-cp37m-musllinux_1_1_i686.whl", hash = "sha256:87d1351268731db79e0f8e745d92493ee2841c974128ef629dc518b937d9194c"},
    {file = "charset_normalizer-3.3.2-cp37-cp37m-musllinux_1_1_ppc64le.whl", hash = "sha256:bd8f7df7d12c2db9fab40bdd87a7c09b1530128315d047a086fa3ae3435cb3a8"},
    {file = "charset_normalizer-3.3.2-cp37-cp37m-musllinux_1_1_s390x.whl", hash = "sha256:c180f51afb394e165eafe4ac2936a14bee3eb10debc9d9e4db8958fe36afe711"},
    {file = "charset_normalizer-3.3.2-cp37-cp37m-musllinux_1_1_x86_64.whl", hash = "sha256:8c622a5fe39a48f78944a87d4fb8a53ee07344641b0562c540d840748571b811"},
    {file = "charset_normalizer-3.3.2-cp37-cp37m-win32.whl", hash = "sha256:db364eca23f876da6f9e16c9da0df51aa4f104a972735574842618b8c6d999d4"},
    {file = "charset_normalizer-3.3.2-cp37-cp37m-win_amd64.whl", hash = "sha256:86216b5cee4b06df986d214f664305142d9c76df9b6512be2738aa72a2048f99"},
    {file = "charset_normalizer-3.3.2-cp38-cp38-macosx_10_9_universal2.whl", hash = "sha256:6463effa3186ea09411d50efc7d85360b38d5f09b870c48e4600f63af490e56a"},
    {file = "charset_normalizer-3.3.2-cp38-cp38-macosx_10_9_x86_64.whl", hash = "sha256:6c4caeef8fa63d06bd437cd4bdcf3ffefe6738fb1b25951440d80dc7df8c03ac"},
    {file = "charset_normalizer-3.3.2-cp38-cp38-macosx_11_0_arm64.whl", hash = "sha256:37e55c8e51c236f95b033f6fb391d7d7970ba5fe7ff453dad675e88cf303377a"},
    {file = "charset_normalizer-3.3.2-cp38-cp38-manylinux_2_17_aarch64.manylinux2014_aarch64.whl", hash = "sha256:fb69256e180cb6c8a894fee62b3afebae785babc1ee98b81cdf68bbca1987f33"},
    {file = "charset_normalizer-3.3.2-cp38-cp38-manylinux_2_17_ppc64le.manylinux2014_ppc64le.whl", hash = "sha256:ae5f4161f18c61806f411a13b0310bea87f987c7d2ecdbdaad0e94eb2e404238"},
    {file = "charset_normalizer-3.3.2-cp38-cp38-manylinux_2_17_s390x.manylinux2014_s390x.whl", hash = "sha256:b2b0a0c0517616b6869869f8c581d4eb2dd83a4d79e0ebcb7d373ef9956aeb0a"},
    {file = "charset_normalizer-3.3.2-cp38-cp38-manylinux_2_17_x86_64.manylinux2014_x86_64.whl", hash = "sha256:45485e01ff4d3630ec0d9617310448a8702f70e9c01906b0d0118bdf9d124cf2"},
    {file = "charset_normalizer-3.3.2-cp38-cp38-manylinux_2_5_i686.manylinux1_i686.manylinux_2_17_i686.manylinux2014_i686.whl", hash = "sha256:eb00ed941194665c332bf8e078baf037d6c35d7c4f3102ea2d4f16ca94a26dc8"},
    {file = "charset_normalizer-3.3.2-cp38-cp38-musllinux_1_1_aarch64.whl", hash = "sha256:2127566c664442652f024c837091890cb1942c30937add288223dc895793f898"},
    {file = "charset_normalizer-3.3.2-cp38-cp38-musllinux_1_1_i686.whl", hash = "sha256:a50aebfa173e157099939b17f18600f72f84eed3049e743b68ad15bd69b6bf99"},
    {file = "charset_normalizer-3.3.2-cp38-cp38-musllinux_1_1_ppc64le.whl", hash = "sha256:4d0d1650369165a14e14e1e47b372cfcb31d6ab44e6e33cb2d4e57265290044d"},
    {file = "charset_normalizer-3.3.2-cp38-cp38-musllinux_1_1_s390x.whl", hash = "sha256:923c0c831b7cfcb071580d3f46c4baf50f174be571576556269530f4bbd79d04"},
    {file = "charset_normalizer-3.3.2-cp38-cp38-musllinux_1_1_x86_64.whl", hash = "sha256:06a81e93cd441c56a9b65d8e1d043daeb97a3d0856d177d5c90ba85acb3db087"},
    {file = "charset_normalizer-3.3.2-cp38-cp38-win32.whl", hash = "sha256:6ef1d82a3af9d3eecdba2321dc1b3c238245d890843e040e41e470ffa64c3e25"},
    {file = "charset_normalizer-3.3.2-cp38-cp38-win_amd64.whl", hash = "sha256:eb8821e09e916165e160797a6c17edda0679379a4be5c716c260e836e122f54b"},
    {file = "charset_normalizer-3.3.2-cp39-cp39-macosx_10_9_universal2.whl", hash = "sha256:c235ebd9baae02f1b77bcea61bce332cb4331dc3617d254df3323aa01ab47bd4"},
    {file = "charset_normalizer-3.3.2-cp39-cp39-macosx_10_9_x86_64.whl", hash = "sha256:5b4c145409bef602a690e7cfad0a15a55c13320ff7a3ad7ca59c13bb8ba4d45d"},
    {file = "charset_normalizer-3.3.2-cp39-cp39-macosx_11_0_arm64.whl", hash = "sha256:68d1f8a9e9e37c1223b656399be5d6b448dea850bed7d0f87a8311f1ff3dabb0"},
    {file = "charset_normalizer-3.3.2-cp39-cp39-manylinux_2_17_aarch64.manylinux2014_aarch64.whl", hash = "sha256:22afcb9f253dac0696b5a4be4a1c0f8762f8239e21b99680099abd9b2b1b2269"},
    {file = "charset_normalizer-3.3.2-cp39-cp39-manylinux_2_17_ppc64le.manylinux2014_ppc64le.whl", hash = "sha256:e27ad930a842b4c5eb8ac0016b0a54f5aebbe679340c26101df33424142c143c"},
    {file = "charset_normalizer-3.3.2-cp39-cp39-manylinux_2_17_s390x.manylinux2014_s390x.whl", hash = "sha256:1f79682fbe303db92bc2b1136016a38a42e835d932bab5b3b1bfcfbf0640e519"},
    {file = "charset_normalizer-3.3.2-cp39-cp39-manylinux_2_17_x86_64.manylinux2014_x86_64.whl", hash = "sha256:b261ccdec7821281dade748d088bb6e9b69e6d15b30652b74cbbac25e280b796"},
    {file = "charset_normalizer-3.3.2-cp39-cp39-manylinux_2_5_i686.manylinux1_i686.manylinux_2_17_i686.manylinux2014_i686.whl", hash = "sha256:122c7fa62b130ed55f8f285bfd56d5f4b4a5b503609d181f9ad85e55c89f4185"},
    {file = "charset_normalizer-3.3.2-cp39-cp39-musllinux_1_1_aarch64.whl", hash = "sha256:d0eccceffcb53201b5bfebb52600a5fb483a20b61da9dbc885f8b103cbe7598c"},
    {file = "charset_normalizer-3.3.2-cp39-cp39-musllinux_1_1_i686.whl", hash = "sha256:9f96df6923e21816da7e0ad3fd47dd8f94b2a5ce594e00677c0013018b813458"},
    {file = "charset_normalizer-3.3.2-cp39-cp39-musllinux_1_1_ppc64le.whl", hash = "sha256:7f04c839ed0b6b98b1a7501a002144b76c18fb1c1850c8b98d458ac269e26ed2"},
    {file = "charset_normalizer-3.3.2-cp39-cp39-musllinux_1_1_s390x.whl", hash = "sha256:34d1c8da1e78d2e001f363791c98a272bb734000fcef47a491c1e3b0505657a8"},
    {file = "charset_normalizer-3.3.2-cp39-cp39-musllinux_1_1_x86_64.whl", hash = "sha256:ff8fa367d09b717b2a17a052544193ad76cd49979c805768879cb63d9ca50561"},
    {file = "charset_normalizer-3.3.2-cp39-cp39-win32.whl", hash = "sha256:aed38f6e4fb3f5d6bf81bfa990a07806be9d83cf7bacef998ab1a9bd660a581f"},
    {file = "charset_normalizer-3.3.2-cp39-cp39-win_amd64.whl", hash = "sha256:b01b88d45a6fcb69667cd6d2f7a9aeb4bf53760d7fc536bf679ec94fe9f3ff3d"},
    {file = "charset_normalizer-3.3.2-py3-none-any.whl", hash = "sha256:3e4d1f6587322d2788836a99c69062fbb091331ec940e02d12d179c1d53e25fc"},
]

[[package]]
name = "click"
version = "8.1.7"
description = "Composable command line interface toolkit"
category = "main"
optional = false
python-versions = ">=3.7"
files = [
    {file = "click-8.1.7-py3-none-any.whl", hash = "sha256:ae74fb96c20a0277a1d615f1e4d73c8414f5a98db8b799a7931d1582f3390c28"},
    {file = "click-8.1.7.tar.gz", hash = "sha256:ca9853ad459e787e2192211578cc907e7594e294c7ccc834310722b41b9ca6de"},
]

[package.dependencies]
colorama = {version = "*", markers = "platform_system == \"Windows\""}
importlib-metadata = {version = "*", markers = "python_version < \"3.8\""}

[[package]]
name = "colorama"
version = "0.4.6"
description = "Cross-platform colored terminal text."
category = "main"
optional = false
python-versions = "!=3.0.*,!=3.1.*,!=3.2.*,!=3.3.*,!=3.4.*,!=3.5.*,!=3.6.*,>=2.7"
files = [
    {file = "colorama-0.4.6-py2.py3-none-any.whl", hash = "sha256:4f1d9991f5acc0ca119f9d443620b77f9d6b33703e51011c16baf57afb285fc6"},
    {file = "colorama-0.4.6.tar.gz", hash = "sha256:08695f5cb7ed6e0531a20572697297273c47b8cae5a63ffc6d6ed5c201be6e44"},
]

[[package]]
name = "exceptiongroup"
version = "1.2.0"
description = "Backport of PEP 654 (exception groups)"
category = "main"
optional = false
python-versions = ">=3.7"
files = [
    {file = "exceptiongroup-1.2.0-py3-none-any.whl", hash = "sha256:4bfd3996ac73b41e9b9628b04e079f193850720ea5945fc96a08633c66912f14"},
    {file = "exceptiongroup-1.2.0.tar.gz", hash = "sha256:91f5c769735f051a4290d52edd0858999b57e5876e9f85937691bd4c9fa3ed68"},
]

[package.extras]
test = ["pytest (>=6)"]

[[package]]
name = "fastapi"
version = "0.88.0"
description = "FastAPI framework, high performance, easy to learn, fast to code, ready for production"
category = "main"
optional = false
python-versions = ">=3.7"
files = [
    {file = "fastapi-0.88.0-py3-none-any.whl", hash = "sha256:263b718bb384422fe3d042ffc9a0c8dece5e034ab6586ff034f6b4b1667c3eee"},
    {file = "fastapi-0.88.0.tar.gz", hash = "sha256:915bf304180a0e7c5605ec81097b7d4cd8826ff87a02bb198e336fb9f3b5ff02"},
]

[package.dependencies]
pydantic = ">=1.6.2,<1.7 || >1.7,<1.7.1 || >1.7.1,<1.7.2 || >1.7.2,<1.7.3 || >1.7.3,<1.8 || >1.8,<1.8.1 || >1.8.1,<2.0.0"
starlette = "0.22.0"

[package.extras]
all = ["email-validator (>=1.1.1)", "httpx (>=0.23.0)", "itsdangerous (>=1.1.0)", "jinja2 (>=2.11.2)", "orjson (>=3.2.1)", "python-multipart (>=0.0.5)", "pyyaml (>=5.3.1)", "ujson (>=4.0.1,!=4.0.2,!=4.1.0,!=4.2.0,!=4.3.0,!=5.0.0,!=5.1.0)", "uvicorn[standard] (>=0.12.0)"]
dev = ["pre-commit (>=2.17.0,<3.0.0)", "ruff (==0.0.138)", "uvicorn[standard] (>=0.12.0,<0.19.0)"]
doc = ["mdx-include (>=1.4.1,<2.0.0)", "mkdocs (>=1.1.2,<2.0.0)", "mkdocs-markdownextradata-plugin (>=0.1.7,<0.3.0)", "mkdocs-material (>=8.1.4,<9.0.0)", "pyyaml (>=5.3.1,<7.0.0)", "typer[all] (>=0.6.1,<0.7.0)"]
test = ["anyio[trio] (>=3.2.1,<4.0.0)", "black (==22.10.0)", "coverage[toml] (>=6.5.0,<7.0)", "databases[sqlite] (>=0.3.2,<0.7.0)", "email-validator (>=1.1.1,<2.0.0)", "flask (>=1.1.2,<3.0.0)", "httpx (>=0.23.0,<0.24.0)", "isort (>=5.0.6,<6.0.0)", "mypy (==0.982)", "orjson (>=3.2.1,<4.0.0)", "passlib[bcrypt] (>=1.7.2,<2.0.0)", "peewee (>=3.13.3,<4.0.0)", "pytest (>=7.1.3,<8.0.0)", "python-jose[cryptography] (>=3.3.0,<4.0.0)", "python-multipart (>=0.0.5,<0.0.6)", "pyyaml (>=5.3.1,<7.0.0)", "ruff (==0.0.138)", "sqlalchemy (>=1.3.18,<=1.4.41)", "types-orjson (==3.6.2)", "types-ujson (==5.5.0)", "ujson (>=4.0.1,!=4.0.2,!=4.1.0,!=4.2.0,!=4.3.0,!=5.0.0,!=5.1.0,<6.0.0)"]

[[package]]
name = "h11"
version = "0.14.0"
description = "A pure-Python, bring-your-own-I/O implementation of HTTP/1.1"
category = "main"
optional = false
python-versions = ">=3.7"
files = [
    {file = "h11-0.14.0-py3-none-any.whl", hash = "sha256:e3fe4ac4b851c468cc8363d500db52c2ead036020723024a109d37346efaa761"},
    {file = "h11-0.14.0.tar.gz", hash = "sha256:8f19fbbe99e72420ff35c00b27a34cb9937e902a8b810e2c88300c6f0a3b699d"},
]

[package.dependencies]
typing-extensions = {version = "*", markers = "python_version < \"3.8\""}

[[package]]
name = "idna"
version = "3.6"
description = "Internationalized Domain Names in Applications (IDNA)"
category = "main"
optional = false
python-versions = ">=3.5"
files = [
    {file = "idna-3.6-py3-none-any.whl", hash = "sha256:c05567e9c24a6b9faaa835c4821bad0590fbb9d5779e7caa6e1cc4978e7eb24f"},
    {file = "idna-3.6.tar.gz", hash = "sha256:9ecdbbd083b06798ae1e86adcbfe8ab1479cf864e4ee30fe4e46a003d12491ca"},
]

[[package]]
name = "importlib-metadata"
version = "6.7.0"
description = "Read metadata from Python packages"
category = "main"
optional = false
python-versions = ">=3.7"
files = [
    {file = "importlib_metadata-6.7.0-py3-none-any.whl", hash = "sha256:cb52082e659e97afc5dac71e79de97d8681de3aa07ff18578330904a9d18e5b5"},
    {file = "importlib_metadata-6.7.0.tar.gz", hash = "sha256:1aaf550d4f73e5d6783e7acb77aec43d49da8017410afae93822cc9cca98c4d4"},
]

[package.dependencies]
typing-extensions = {version = ">=3.6.4", markers = "python_version < \"3.8\""}
zipp = ">=0.5"

[package.extras]
docs = ["furo", "jaraco.packaging (>=9)", "jaraco.tidelift (>=1.4)", "rst.linker (>=1.9)", "sphinx (>=3.5)", "sphinx-lint"]
perf = ["ipython"]
testing = ["flufl.flake8", "importlib-resources (>=1.3)", "packaging", "pyfakefs", "pytest (>=6)", "pytest-black (>=0.3.7)", "pytest-checkdocs (>=2.4)", "pytest-cov", "pytest-enabler (>=1.3)", "pytest-mypy (>=0.9.1)", "pytest-perf (>=0.9.2)", "pytest-ruff"]

[[package]]
name = "iniconfig"
version = "2.0.0"
description = "brain-dead simple config-ini parsing"
category = "dev"
optional = false
python-versions = ">=3.7"
files = [
    {file = "iniconfig-2.0.0-py3-none-any.whl", hash = "sha256:b6a85871a79d2e3b22d2d1b94ac2824226a63c6b741c88f7ae975f18b6778374"},
    {file = "iniconfig-2.0.0.tar.gz", hash = "sha256:2d91e135bf72d31a410b17c16da610a82cb55f6b0477d1a902134b24a455b8b3"},
]

[[package]]
name = "json-logging"
version = "1.3.0"
description = "JSON Python Logging"
category = "main"
optional = false
python-versions = "*"
files = [
    {file = "json-logging-1.3.0.tar.gz", hash = "sha256:60a02a1daa168a08aa0a41eeeda63e92500ab08170491bdd326cf00d17f656f8"},
    {file = "json_logging-1.3.0-py2.py3-none-any.whl", hash = "sha256:5def627a18b9e61690d58016ee5312681b407e3106c80a4be7c787abb8a21355"},
]

[[package]]
name = "markupsafe"
version = "2.1.3"
description = "Safely add untrusted strings to HTML/XML markup."
category = "dev"
optional = false
python-versions = ">=3.7"
files = [
    {file = "MarkupSafe-2.1.3-cp310-cp310-macosx_10_9_universal2.whl", hash = "sha256:cd0f502fe016460680cd20aaa5a76d241d6f35a1c3350c474bac1273803893fa"},
    {file = "MarkupSafe-2.1.3-cp310-cp310-macosx_10_9_x86_64.whl", hash = "sha256:e09031c87a1e51556fdcb46e5bd4f59dfb743061cf93c4d6831bf894f125eb57"},
    {file = "MarkupSafe-2.1.3-cp310-cp310-manylinux_2_17_aarch64.manylinux2014_aarch64.whl", hash = "sha256:68e78619a61ecf91e76aa3e6e8e33fc4894a2bebe93410754bd28fce0a8a4f9f"},
    {file = "MarkupSafe-2.1.3-cp310-cp310-manylinux_2_17_x86_64.manylinux2014_x86_64.whl", hash = "sha256:65c1a9bcdadc6c28eecee2c119465aebff8f7a584dd719facdd9e825ec61ab52"},
    {file = "MarkupSafe-2.1.3-cp310-cp310-manylinux_2_5_i686.manylinux1_i686.manylinux_2_17_i686.manylinux2014_i686.whl", hash = "sha256:525808b8019e36eb524b8c68acdd63a37e75714eac50e988180b169d64480a00"},
    {file = "MarkupSafe-2.1.3-cp310-cp310-musllinux_1_1_aarch64.whl", hash = "sha256:962f82a3086483f5e5f64dbad880d31038b698494799b097bc59c2edf392fce6"},
    {file = "MarkupSafe-2.1.3-cp310-cp310-musllinux_1_1_i686.whl", hash = "sha256:aa7bd130efab1c280bed0f45501b7c8795f9fdbeb02e965371bbef3523627779"},
    {file = "MarkupSafe-2.1.3-cp310-cp310-musllinux_1_1_x86_64.whl", hash = "sha256:c9c804664ebe8f83a211cace637506669e7890fec1b4195b505c214e50dd4eb7"},
    {file = "MarkupSafe-2.1.3-cp310-cp310-win32.whl", hash = "sha256:10bbfe99883db80bdbaff2dcf681dfc6533a614f700da1287707e8a5d78a8431"},
    {file = "MarkupSafe-2.1.3-cp310-cp310-win_amd64.whl", hash = "sha256:1577735524cdad32f9f694208aa75e422adba74f1baee7551620e43a3141f559"},
    {file = "MarkupSafe-2.1.3-cp311-cp311-macosx_10_9_universal2.whl", hash = "sha256:ad9e82fb8f09ade1c3e1b996a6337afac2b8b9e365f926f5a61aacc71adc5b3c"},
    {file = "MarkupSafe-2.1.3-cp311-cp311-macosx_10_9_x86_64.whl", hash = "sha256:3c0fae6c3be832a0a0473ac912810b2877c8cb9d76ca48de1ed31e1c68386575"},
    {file = "MarkupSafe-2.1.3-cp311-cp311-manylinux_2_17_aarch64.manylinux2014_aarch64.whl", hash = "sha256:b076b6226fb84157e3f7c971a47ff3a679d837cf338547532ab866c57930dbee"},
    {file = "MarkupSafe-2.1.3-cp311-cp311-manylinux_2_17_x86_64.manylinux2014_x86_64.whl", hash = "sha256:bfce63a9e7834b12b87c64d6b155fdd9b3b96191b6bd334bf37db7ff1fe457f2"},
    {file = "MarkupSafe-2.1.3-cp311-cp311-manylinux_2_5_i686.manylinux1_i686.manylinux_2_17_i686.manylinux2014_i686.whl", hash = "sha256:338ae27d6b8745585f87218a3f23f1512dbf52c26c28e322dbe54bcede54ccb9"},
    {file = "MarkupSafe-2.1.3-cp311-cp311-musllinux_1_1_aarch64.whl", hash = "sha256:e4dd52d80b8c83fdce44e12478ad2e85c64ea965e75d66dbeafb0a3e77308fcc"},
    {file = "MarkupSafe-2.1.3-cp311-cp311-musllinux_1_1_i686.whl", hash = "sha256:df0be2b576a7abbf737b1575f048c23fb1d769f267ec4358296f31c2479db8f9"},
    {file = "MarkupSafe-2.1.3-cp311-cp311-musllinux_1_1_x86_64.whl", hash = "sha256:5bbe06f8eeafd38e5d0a4894ffec89378b6c6a625ff57e3028921f8ff59318ac"},
    {file = "MarkupSafe-2.1.3-cp311-cp311-win32.whl", hash = "sha256:dd15ff04ffd7e05ffcb7fe79f1b98041b8ea30ae9234aed2a9168b5797c3effb"},
    {file = "MarkupSafe-2.1.3-cp311-cp311-win_amd64.whl", hash = "sha256:134da1eca9ec0ae528110ccc9e48041e0828d79f24121a1a146161103c76e686"},
    {file = "MarkupSafe-2.1.3-cp312-cp312-macosx_10_9_universal2.whl", hash = "sha256:f698de3fd0c4e6972b92290a45bd9b1536bffe8c6759c62471efaa8acb4c37bc"},
    {file = "MarkupSafe-2.1.3-cp312-cp312-macosx_10_9_x86_64.whl", hash = "sha256:aa57bd9cf8ae831a362185ee444e15a93ecb2e344c8e52e4d721ea3ab6ef1823"},
    {file = "MarkupSafe-2.1.3-cp312-cp312-manylinux_2_17_aarch64.manylinux2014_aarch64.whl", hash = "sha256:ffcc3f7c66b5f5b7931a5aa68fc9cecc51e685ef90282f4a82f0f5e9b704ad11"},
    {file = "MarkupSafe-2.1.3-cp312-cp312-manylinux_2_17_x86_64.manylinux2014_x86_64.whl", hash = "sha256:47d4f1c5f80fc62fdd7777d0d40a2e9dda0a05883ab11374334f6c4de38adffd"},
    {file = "MarkupSafe-2.1.3-cp312-cp312-manylinux_2_5_i686.manylinux1_i686.manylinux_2_17_i686.manylinux2014_i686.whl", hash = "sha256:1f67c7038d560d92149c060157d623c542173016c4babc0c1913cca0564b9939"},
    {file = "MarkupSafe-2.1.3-cp312-cp312-musllinux_1_1_aarch64.whl", hash = "sha256:9aad3c1755095ce347e26488214ef77e0485a3c34a50c5a5e2471dff60b9dd9c"},
    {file = "MarkupSafe-2.1.3-cp312-cp312-musllinux_1_1_i686.whl", hash = "sha256:14ff806850827afd6b07a5f32bd917fb7f45b046ba40c57abdb636674a8b559c"},
    {file = "MarkupSafe-2.1.3-cp312-cp312-musllinux_1_1_x86_64.whl", hash = "sha256:8f9293864fe09b8149f0cc42ce56e3f0e54de883a9de90cd427f191c346eb2e1"},
    {file = "MarkupSafe-2.1.3-cp312-cp312-win32.whl", hash = "sha256:715d3562f79d540f251b99ebd6d8baa547118974341db04f5ad06d5ea3eb8007"},
    {file = "MarkupSafe-2.1.3-cp312-cp312-win_amd64.whl", hash = "sha256:1b8dd8c3fd14349433c79fa8abeb573a55fc0fdd769133baac1f5e07abf54aeb"},
    {file = "MarkupSafe-2.1.3-cp37-cp37m-macosx_10_9_x86_64.whl", hash = "sha256:8e254ae696c88d98da6555f5ace2279cf7cd5b3f52be2b5cf97feafe883b58d2"},
    {file = "MarkupSafe-2.1.3-cp37-cp37m-manylinux_2_17_aarch64.manylinux2014_aarch64.whl", hash = "sha256:cb0932dc158471523c9637e807d9bfb93e06a95cbf010f1a38b98623b929ef2b"},
    {file = "MarkupSafe-2.1.3-cp37-cp37m-manylinux_2_17_x86_64.manylinux2014_x86_64.whl", hash = "sha256:9402b03f1a1b4dc4c19845e5c749e3ab82d5078d16a2a4c2cd2df62d57bb0707"},
    {file = "MarkupSafe-2.1.3-cp37-cp37m-manylinux_2_5_i686.manylinux1_i686.manylinux_2_17_i686.manylinux2014_i686.whl", hash = "sha256:ca379055a47383d02a5400cb0d110cef0a776fc644cda797db0c5696cfd7e18e"},
    {file = "MarkupSafe-2.1.3-cp37-cp37m-musllinux_1_1_aarch64.whl", hash = "sha256:b7ff0f54cb4ff66dd38bebd335a38e2c22c41a8ee45aa608efc890ac3e3931bc"},
    {file = "MarkupSafe-2.1.3-cp37-cp37m-musllinux_1_1_i686.whl", hash = "sha256:c011a4149cfbcf9f03994ec2edffcb8b1dc2d2aede7ca243746df97a5d41ce48"},
    {file = "MarkupSafe-2.1.3-cp37-cp37m-musllinux_1_1_x86_64.whl", hash = "sha256:56d9f2ecac662ca1611d183feb03a3fa4406469dafe241673d521dd5ae92a155"},
    {file = "MarkupSafe-2.1.3-cp37-cp37m-win32.whl", hash = "sha256:8758846a7e80910096950b67071243da3e5a20ed2546e6392603c096778d48e0"},
    {file = "MarkupSafe-2.1.3-cp37-cp37m-win_amd64.whl", hash = "sha256:787003c0ddb00500e49a10f2844fac87aa6ce977b90b0feaaf9de23c22508b24"},
    {file = "MarkupSafe-2.1.3-cp38-cp38-macosx_10_9_universal2.whl", hash = "sha256:2ef12179d3a291be237280175b542c07a36e7f60718296278d8593d21ca937d4"},
    {file = "MarkupSafe-2.1.3-cp38-cp38-macosx_10_9_x86_64.whl", hash = "sha256:2c1b19b3aaacc6e57b7e25710ff571c24d6c3613a45e905b1fde04d691b98ee0"},
    {file = "MarkupSafe-2.1.3-cp38-cp38-manylinux_2_17_aarch64.manylinux2014_aarch64.whl", hash = "sha256:8afafd99945ead6e075b973fefa56379c5b5c53fd8937dad92c662da5d8fd5ee"},
    {file = "MarkupSafe-2.1.3-cp38-cp38-manylinux_2_17_x86_64.manylinux2014_x86_64.whl", hash = "sha256:8c41976a29d078bb235fea9b2ecd3da465df42a562910f9022f1a03107bd02be"},
    {file = "MarkupSafe-2.1.3-cp38-cp38-manylinux_2_5_i686.manylinux1_i686.manylinux_2_17_i686.manylinux2014_i686.whl", hash = "sha256:d080e0a5eb2529460b30190fcfcc4199bd7f827663f858a226a81bc27beaa97e"},
    {file = "MarkupSafe-2.1.3-cp38-cp38-musllinux_1_1_aarch64.whl", hash = "sha256:69c0f17e9f5a7afdf2cc9fb2d1ce6aabdb3bafb7f38017c0b77862bcec2bbad8"},
    {file = "MarkupSafe-2.1.3-cp38-cp38-musllinux_1_1_i686.whl", hash = "sha256:504b320cd4b7eff6f968eddf81127112db685e81f7e36e75f9f84f0df46041c3"},
    {file = "MarkupSafe-2.1.3-cp38-cp38-musllinux_1_1_x86_64.whl", hash = "sha256:42de32b22b6b804f42c5d98be4f7e5e977ecdd9ee9b660fda1a3edf03b11792d"},
    {file = "MarkupSafe-2.1.3-cp38-cp38-win32.whl", hash = "sha256:ceb01949af7121f9fc39f7d27f91be8546f3fb112c608bc4029aef0bab86a2a5"},
    {file = "MarkupSafe-2.1.3-cp38-cp38-win_amd64.whl", hash = "sha256:1b40069d487e7edb2676d3fbdb2b0829ffa2cd63a2ec26c4938b2d34391b4ecc"},
    {file = "MarkupSafe-2.1.3-cp39-cp39-macosx_10_9_universal2.whl", hash = "sha256:8023faf4e01efadfa183e863fefde0046de576c6f14659e8782065bcece22198"},
    {file = "MarkupSafe-2.1.3-cp39-cp39-macosx_10_9_x86_64.whl", hash = "sha256:6b2b56950d93e41f33b4223ead100ea0fe11f8e6ee5f641eb753ce4b77a7042b"},
    {file = "MarkupSafe-2.1.3-cp39-cp39-manylinux_2_17_aarch64.manylinux2014_aarch64.whl", hash = "sha256:9dcdfd0eaf283af041973bff14a2e143b8bd64e069f4c383416ecd79a81aab58"},
    {file = "MarkupSafe-2.1.3-cp39-cp39-manylinux_2_17_x86_64.manylinux2014_x86_64.whl", hash = "sha256:05fb21170423db021895e1ea1e1f3ab3adb85d1c2333cbc2310f2a26bc77272e"},
    {file = "MarkupSafe-2.1.3-cp39-cp39-manylinux_2_5_i686.manylinux1_i686.manylinux_2_17_i686.manylinux2014_i686.whl", hash = "sha256:282c2cb35b5b673bbcadb33a585408104df04f14b2d9b01d4c345a3b92861c2c"},
    {file = "MarkupSafe-2.1.3-cp39-cp39-musllinux_1_1_aarch64.whl", hash = "sha256:ab4a0df41e7c16a1392727727e7998a467472d0ad65f3ad5e6e765015df08636"},
    {file = "MarkupSafe-2.1.3-cp39-cp39-musllinux_1_1_i686.whl", hash = "sha256:7ef3cb2ebbf91e330e3bb937efada0edd9003683db6b57bb108c4001f37a02ea"},
    {file = "MarkupSafe-2.1.3-cp39-cp39-musllinux_1_1_x86_64.whl", hash = "sha256:0a4e4a1aff6c7ac4cd55792abf96c915634c2b97e3cc1c7129578aa68ebd754e"},
    {file = "MarkupSafe-2.1.3-cp39-cp39-win32.whl", hash = "sha256:fec21693218efe39aa7f8599346e90c705afa52c5b31ae019b2e57e8f6542bb2"},
    {file = "MarkupSafe-2.1.3-cp39-cp39-win_amd64.whl", hash = "sha256:3fd4abcb888d15a94f32b75d8fd18ee162ca0c064f35b11134be77050296d6ba"},
    {file = "MarkupSafe-2.1.3.tar.gz", hash = "sha256:af598ed32d6ae86f1b747b82783958b1a4ab8f617b06fe68795c7f026abbdcad"},
]

[[package]]
name = "packaging"
version = "23.2"
description = "Core utilities for Python packages"
category = "dev"
optional = false
python-versions = ">=3.7"
files = [
    {file = "packaging-23.2-py3-none-any.whl", hash = "sha256:8c491190033a9af7e1d931d0b5dacc2ef47509b34dd0de67ed209b5203fc88c7"},
    {file = "packaging-23.2.tar.gz", hash = "sha256:048fb0e9405036518eaaf48a55953c750c11e1a1b68e0dd1a9d62ed0c092cfc5"},
]

[[package]]
name = "pluggy"
version = "1.2.0"
description = "plugin and hook calling mechanisms for python"
category = "dev"
optional = false
python-versions = ">=3.7"
files = [
    {file = "pluggy-1.2.0-py3-none-any.whl", hash = "sha256:c2fd55a7d7a3863cba1a013e4e2414658b1d07b6bc57b3919e0c63c9abb99849"},
    {file = "pluggy-1.2.0.tar.gz", hash = "sha256:d12f0c4b579b15f5e054301bb226ee85eeeba08ffec228092f8defbaa3a4c4b3"},
]

[package.dependencies]
importlib-metadata = {version = ">=0.12", markers = "python_version < \"3.8\""}

[package.extras]
dev = ["pre-commit", "tox"]
testing = ["pytest", "pytest-benchmark"]

[[package]]
name = "pydantic"
version = "1.10.13"
description = "Data validation and settings management using python type hints"
category = "main"
optional = false
python-versions = ">=3.7"
files = [
    {file = "pydantic-1.10.13-cp310-cp310-macosx_10_9_x86_64.whl", hash = "sha256:efff03cc7a4f29d9009d1c96ceb1e7a70a65cfe86e89d34e4a5f2ab1e5693737"},
    {file = "pydantic-1.10.13-cp310-cp310-macosx_11_0_arm64.whl", hash = "sha256:3ecea2b9d80e5333303eeb77e180b90e95eea8f765d08c3d278cd56b00345d01"},
    {file = "pydantic-1.10.13-cp310-cp310-manylinux_2_17_x86_64.manylinux2014_x86_64.whl", hash = "sha256:1740068fd8e2ef6eb27a20e5651df000978edce6da6803c2bef0bc74540f9548"},
    {file = "pydantic-1.10.13-cp310-cp310-manylinux_2_5_i686.manylinux1_i686.manylinux_2_17_i686.manylinux2014_i686.whl", hash = "sha256:84bafe2e60b5e78bc64a2941b4c071a4b7404c5c907f5f5a99b0139781e69ed8"},
    {file = "pydantic-1.10.13-cp310-cp310-musllinux_1_1_i686.whl", hash = "sha256:bc0898c12f8e9c97f6cd44c0ed70d55749eaf783716896960b4ecce2edfd2d69"},
    {file = "pydantic-1.10.13-cp310-cp310-musllinux_1_1_x86_64.whl", hash = "sha256:654db58ae399fe6434e55325a2c3e959836bd17a6f6a0b6ca8107ea0571d2e17"},
    {file = "pydantic-1.10.13-cp310-cp310-win_amd64.whl", hash = "sha256:75ac15385a3534d887a99c713aa3da88a30fbd6204a5cd0dc4dab3d770b9bd2f"},
    {file = "pydantic-1.10.13-cp311-cp311-macosx_10_9_x86_64.whl", hash = "sha256:c553f6a156deb868ba38a23cf0df886c63492e9257f60a79c0fd8e7173537653"},
    {file = "pydantic-1.10.13-cp311-cp311-macosx_11_0_arm64.whl", hash = "sha256:5e08865bc6464df8c7d61439ef4439829e3ab62ab1669cddea8dd00cd74b9ffe"},
    {file = "pydantic-1.10.13-cp311-cp311-manylinux_2_17_x86_64.manylinux2014_x86_64.whl", hash = "sha256:e31647d85a2013d926ce60b84f9dd5300d44535a9941fe825dc349ae1f760df9"},
    {file = "pydantic-1.10.13-cp311-cp311-manylinux_2_5_i686.manylinux1_i686.manylinux_2_17_i686.manylinux2014_i686.whl", hash = "sha256:210ce042e8f6f7c01168b2d84d4c9eb2b009fe7bf572c2266e235edf14bacd80"},
    {file = "pydantic-1.10.13-cp311-cp311-musllinux_1_1_i686.whl", hash = "sha256:8ae5dd6b721459bfa30805f4c25880e0dd78fc5b5879f9f7a692196ddcb5a580"},
    {file = "pydantic-1.10.13-cp311-cp311-musllinux_1_1_x86_64.whl", hash = "sha256:f8e81fc5fb17dae698f52bdd1c4f18b6ca674d7068242b2aff075f588301bbb0"},
    {file = "pydantic-1.10.13-cp311-cp311-win_amd64.whl", hash = "sha256:61d9dce220447fb74f45e73d7ff3b530e25db30192ad8d425166d43c5deb6df0"},
    {file = "pydantic-1.10.13-cp37-cp37m-macosx_10_9_x86_64.whl", hash = "sha256:4b03e42ec20286f052490423682016fd80fda830d8e4119f8ab13ec7464c0132"},
    {file = "pydantic-1.10.13-cp37-cp37m-manylinux_2_17_x86_64.manylinux2014_x86_64.whl", hash = "sha256:f59ef915cac80275245824e9d771ee939133be38215555e9dc90c6cb148aaeb5"},
    {file = "pydantic-1.10.13-cp37-cp37m-manylinux_2_5_i686.manylinux1_i686.manylinux_2_17_i686.manylinux2014_i686.whl", hash = "sha256:5a1f9f747851338933942db7af7b6ee8268568ef2ed86c4185c6ef4402e80ba8"},
    {file = "pydantic-1.10.13-cp37-cp37m-musllinux_1_1_i686.whl", hash = "sha256:97cce3ae7341f7620a0ba5ef6cf043975cd9d2b81f3aa5f4ea37928269bc1b87"},
    {file = "pydantic-1.10.13-cp37-cp37m-musllinux_1_1_x86_64.whl", hash = "sha256:854223752ba81e3abf663d685f105c64150873cc6f5d0c01d3e3220bcff7d36f"},
    {file = "pydantic-1.10.13-cp37-cp37m-win_amd64.whl", hash = "sha256:b97c1fac8c49be29486df85968682b0afa77e1b809aff74b83081cc115e52f33"},
    {file = "pydantic-1.10.13-cp38-cp38-macosx_10_9_x86_64.whl", hash = "sha256:c958d053453a1c4b1c2062b05cd42d9d5c8eb67537b8d5a7e3c3032943ecd261"},
    {file = "pydantic-1.10.13-cp38-cp38-macosx_11_0_arm64.whl", hash = "sha256:4c5370a7edaac06daee3af1c8b1192e305bc102abcbf2a92374b5bc793818599"},
    {file = "pydantic-1.10.13-cp38-cp38-manylinux_2_17_x86_64.manylinux2014_x86_64.whl", hash = "sha256:7d6f6e7305244bddb4414ba7094ce910560c907bdfa3501e9db1a7fd7eaea127"},
    {file = "pydantic-1.10.13-cp38-cp38-manylinux_2_5_i686.manylinux1_i686.manylinux_2_17_i686.manylinux2014_i686.whl", hash = "sha256:d3a3c792a58e1622667a2837512099eac62490cdfd63bd407993aaf200a4cf1f"},
    {file = "pydantic-1.10.13-cp38-cp38-musllinux_1_1_i686.whl", hash = "sha256:c636925f38b8db208e09d344c7aa4f29a86bb9947495dd6b6d376ad10334fb78"},
    {file = "pydantic-1.10.13-cp38-cp38-musllinux_1_1_x86_64.whl", hash = "sha256:678bcf5591b63cc917100dc50ab6caebe597ac67e8c9ccb75e698f66038ea953"},
    {file = "pydantic-1.10.13-cp38-cp38-win_amd64.whl", hash = "sha256:6cf25c1a65c27923a17b3da28a0bdb99f62ee04230c931d83e888012851f4e7f"},
    {file = "pydantic-1.10.13-cp39-cp39-macosx_10_9_x86_64.whl", hash = "sha256:8ef467901d7a41fa0ca6db9ae3ec0021e3f657ce2c208e98cd511f3161c762c6"},
    {file = "pydantic-1.10.13-cp39-cp39-macosx_11_0_arm64.whl", hash = "sha256:968ac42970f57b8344ee08837b62f6ee6f53c33f603547a55571c954a4225691"},
    {file = "pydantic-1.10.13-cp39-cp39-manylinux_2_17_x86_64.manylinux2014_x86_64.whl", hash = "sha256:9849f031cf8a2f0a928fe885e5a04b08006d6d41876b8bbd2fc68a18f9f2e3fd"},
    {file = "pydantic-1.10.13-cp39-cp39-manylinux_2_5_i686.manylinux1_i686.manylinux_2_17_i686.manylinux2014_i686.whl", hash = "sha256:56e3ff861c3b9c6857579de282ce8baabf443f42ffba355bf070770ed63e11e1"},
    {file = "pydantic-1.10.13-cp39-cp39-musllinux_1_1_i686.whl", hash = "sha256:9f00790179497767aae6bcdc36355792c79e7bbb20b145ff449700eb076c5f96"},
    {file = "pydantic-1.10.13-cp39-cp39-musllinux_1_1_x86_64.whl", hash = "sha256:75b297827b59bc229cac1a23a2f7a4ac0031068e5be0ce385be1462e7e17a35d"},
    {file = "pydantic-1.10.13-cp39-cp39-win_amd64.whl", hash = "sha256:e70ca129d2053fb8b728ee7d1af8e553a928d7e301a311094b8a0501adc8763d"},
    {file = "pydantic-1.10.13-py3-none-any.whl", hash = "sha256:b87326822e71bd5f313e7d3bfdc77ac3247035ac10b0c0618bd99dcf95b1e687"},
    {file = "pydantic-1.10.13.tar.gz", hash = "sha256:32c8b48dcd3b2ac4e78b0ba4af3a2c2eb6048cb75202f0ea7b34feb740efc340"},
]

[package.dependencies]
typing-extensions = ">=4.2.0"

[package.extras]
dotenv = ["python-dotenv (>=0.10.4)"]
email = ["email-validator (>=1.0.3)"]

[[package]]
name = "pytest"
version = "7.4.3"
description = "pytest: simple powerful testing with Python"
category = "dev"
optional = false
python-versions = ">=3.7"
files = [
    {file = "pytest-7.4.3-py3-none-any.whl", hash = "sha256:0d009c083ea859a71b76adf7c1d502e4bc170b80a8ef002da5806527b9591fac"},
    {file = "pytest-7.4.3.tar.gz", hash = "sha256:d989d136982de4e3b29dabcc838ad581c64e8ed52c11fbe86ddebd9da0818cd5"},
]

[package.dependencies]
colorama = {version = "*", markers = "sys_platform == \"win32\""}
exceptiongroup = {version = ">=1.0.0rc8", markers = "python_version < \"3.11\""}
importlib-metadata = {version = ">=0.12", markers = "python_version < \"3.8\""}
iniconfig = "*"
packaging = "*"
pluggy = ">=0.12,<2.0"
tomli = {version = ">=1.0.0", markers = "python_version < \"3.11\""}

[package.extras]
testing = ["argcomplete", "attrs (>=19.2.0)", "hypothesis (>=3.56)", "mock", "nose", "pygments (>=2.7.2)", "requests", "setuptools", "xmlschema"]

[[package]]
name = "pytest-httpserver"
version = "1.0.6"
description = "pytest-httpserver is a httpserver for pytest"
category = "dev"
optional = false
python-versions = ">=3.7,<4.0"
files = [
    {file = "pytest_httpserver-1.0.6-py3-none-any.whl", hash = "sha256:ac2379acc91fe8bdbe2911c93af8dd130e33b5899fb9934d15669480739c6d32"},
    {file = "pytest_httpserver-1.0.6.tar.gz", hash = "sha256:9040d07bf59ac45d8de3db1d4468fd2d1d607975e4da4c872ecc0402cdbf7b3e"},
]

[package.dependencies]
Werkzeug = ">=2.0.0"

[[package]]
name = "requests"
version = "2.31.0"
description = "Python HTTP for Humans."
category = "main"
optional = false
python-versions = ">=3.7"
files = [
    {file = "requests-2.31.0-py3-none-any.whl", hash = "sha256:58cd2187c01e70e6e26505bca751777aa9f2ee0b7f4300988b709f44e013003f"},
    {file = "requests-2.31.0.tar.gz", hash = "sha256:942c5a758f98d790eaed1a29cb6eefc7ffb0d1cf7af05c3d2791656dbd6ad1e1"},
]

[package.dependencies]
certifi = ">=2017.4.17"
charset-normalizer = ">=2,<4"
idna = ">=2.5,<4"
urllib3 = ">=1.21.1,<3"

[package.extras]
socks = ["PySocks (>=1.5.6,!=1.5.7)"]
use-chardet-on-py3 = ["chardet (>=3.0.2,<6)"]

[[package]]
name = "sentry-sdk"
version = "1.38.0"
description = "Python client for Sentry (https://sentry.io)"
category = "main"
optional = false
python-versions = "*"
files = [
    {file = "sentry-sdk-1.38.0.tar.gz", hash = "sha256:8feab81de6bbf64f53279b085bd3820e3e737403b0a0d9317f73a2c3374ae359"},
    {file = "sentry_sdk-1.38.0-py2.py3-none-any.whl", hash = "sha256:0017fa73b8ae2d4e57fd2522ee3df30453715b29d2692142793ec5d5f90b94a6"},
]

[package.dependencies]
certifi = "*"
fastapi = {version = ">=0.79.0", optional = true, markers = "extra == \"fastapi\""}
urllib3 = {version = ">=1.26.11", markers = "python_version >= \"3.6\""}

[package.extras]
aiohttp = ["aiohttp (>=3.5)"]
arq = ["arq (>=0.23)"]
asyncpg = ["asyncpg (>=0.23)"]
beam = ["apache-beam (>=2.12)"]
bottle = ["bottle (>=0.12.13)"]
celery = ["celery (>=3)"]
chalice = ["chalice (>=1.16.0)"]
clickhouse-driver = ["clickhouse-driver (>=0.2.0)"]
django = ["django (>=1.8)"]
falcon = ["falcon (>=1.4)"]
fastapi = ["fastapi (>=0.79.0)"]
flask = ["blinker (>=1.1)", "flask (>=0.11)", "markupsafe"]
grpcio = ["grpcio (>=1.21.1)"]
httpx = ["httpx (>=0.16.0)"]
huey = ["huey (>=2)"]
loguru = ["loguru (>=0.5)"]
opentelemetry = ["opentelemetry-distro (>=0.35b0)"]
opentelemetry-experimental = ["opentelemetry-distro (>=0.40b0,<1.0)", "opentelemetry-instrumentation-aiohttp-client (>=0.40b0,<1.0)", "opentelemetry-instrumentation-django (>=0.40b0,<1.0)", "opentelemetry-instrumentation-fastapi (>=0.40b0,<1.0)", "opentelemetry-instrumentation-flask (>=0.40b0,<1.0)", "opentelemetry-instrumentation-requests (>=0.40b0,<1.0)", "opentelemetry-instrumentation-sqlite3 (>=0.40b0,<1.0)", "opentelemetry-instrumentation-urllib (>=0.40b0,<1.0)"]
pure-eval = ["asttokens", "executing", "pure-eval"]
pymongo = ["pymongo (>=3.1)"]
pyspark = ["pyspark (>=2.4.4)"]
quart = ["blinker (>=1.1)", "quart (>=0.16.1)"]
rq = ["rq (>=0.6)"]
sanic = ["sanic (>=0.8)"]
sqlalchemy = ["sqlalchemy (>=1.2)"]
starlette = ["starlette (>=0.19.1)"]
starlite = ["starlite (>=1.48)"]
tornado = ["tornado (>=5)"]

[[package]]
name = "sniffio"
version = "1.3.0"
description = "Sniff out which async library your code is running under"
category = "main"
optional = false
python-versions = ">=3.7"
files = [
    {file = "sniffio-1.3.0-py3-none-any.whl", hash = "sha256:eecefdce1e5bbfb7ad2eeaabf7c1eeb404d7757c379bd1f7e5cce9d8bf425384"},
    {file = "sniffio-1.3.0.tar.gz", hash = "sha256:e60305c5e5d314f5389259b7f22aaa33d8f7dee49763119234af3755c55b9101"},
]

[[package]]
name = "starlette"
version = "0.22.0"
description = "The little ASGI library that shines."
category = "main"
optional = false
python-versions = ">=3.7"
files = [
    {file = "starlette-0.22.0-py3-none-any.whl", hash = "sha256:b5eda991ad5f0ee5d8ce4c4540202a573bb6691ecd0c712262d0bc85cf8f2c50"},
    {file = "starlette-0.22.0.tar.gz", hash = "sha256:b092cbc365bea34dd6840b42861bdabb2f507f8671e642e8272d2442e08ea4ff"},
]

[package.dependencies]
anyio = ">=3.4.0,<5"
typing-extensions = {version = ">=3.10.0", markers = "python_version < \"3.10\""}

[package.extras]
full = ["httpx (>=0.22.0)", "itsdangerous", "jinja2", "python-multipart", "pyyaml"]

[[package]]
name = "tomli"
version = "2.0.1"
description = "A lil' TOML parser"
category = "dev"
optional = false
python-versions = ">=3.7"
files = [
    {file = "tomli-2.0.1-py3-none-any.whl", hash = "sha256:939de3e7a6161af0c887ef91b7d41a53e7c5a1ca976325f429cb46ea9bc30ecc"},
    {file = "tomli-2.0.1.tar.gz", hash = "sha256:de526c12914f0c550d15924c62d72abc48d6fe7364aa87328337a31007fe8a4f"},
]

[[package]]
name = "typing-extensions"
version = "4.7.1"
description = "Backported and Experimental Type Hints for Python 3.7+"
category = "main"
optional = false
python-versions = ">=3.7"
files = [
    {file = "typing_extensions-4.7.1-py3-none-any.whl", hash = "sha256:440d5dd3af93b060174bf433bccd69b0babc3b15b1a8dca43789fd7f61514b36"},
    {file = "typing_extensions-4.7.1.tar.gz", hash = "sha256:b75ddc264f0ba5615db7ba217daeb99701ad295353c45f9e95963337ceeeffb2"},
]

[[package]]
name = "urllib3"
version = "2.0.7"
description = "HTTP library with thread-safe connection pooling, file post, and more."
category = "main"
optional = false
python-versions = ">=3.7"
files = [
    {file = "urllib3-2.0.7-py3-none-any.whl", hash = "sha256:fdb6d215c776278489906c2f8916e6e7d4f5a9b602ccbcfdf7f016fc8da0596e"},
    {file = "urllib3-2.0.7.tar.gz", hash = "sha256:c97dfde1f7bd43a71c8d2a58e369e9b2bf692d1334ea9f9cae55add7d0dd0f84"},
]

[package.extras]
brotli = ["brotli (>=1.0.9)", "brotlicffi (>=0.8.0)"]
secure = ["certifi", "cryptography (>=1.9)", "idna (>=2.0.0)", "pyopenssl (>=17.1.0)", "urllib3-secure-extra"]
socks = ["pysocks (>=1.5.6,!=1.5.7,<2.0)"]
zstd = ["zstandard (>=0.18.0)"]

[[package]]
name = "uvicorn"
version = "0.20.0"
description = "The lightning-fast ASGI server."
category = "main"
optional = false
python-versions = ">=3.7"
files = [
    {file = "uvicorn-0.20.0-py3-none-any.whl", hash = "sha256:c3ed1598a5668208723f2bb49336f4509424ad198d6ab2615b7783db58d919fd"},
    {file = "uvicorn-0.20.0.tar.gz", hash = "sha256:a4e12017b940247f836bc90b72e725d7dfd0c8ed1c51eb365f5ba30d9f5127d8"},
]

[package.dependencies]
click = ">=7.0"
h11 = ">=0.8"
typing-extensions = {version = "*", markers = "python_version < \"3.8\""}

[package.extras]
standard = ["colorama (>=0.4)", "httptools (>=0.5.0)", "python-dotenv (>=0.13)", "pyyaml (>=5.1)", "uvloop (>=0.14.0,!=0.15.0,!=0.15.1)", "watchfiles (>=0.13)", "websockets (>=10.4)"]

[[package]]
name = "werkzeug"
version = "2.2.3"
description = "The comprehensive WSGI web application library."
category = "dev"
optional = false
python-versions = ">=3.7"
files = [
    {file = "Werkzeug-2.2.3-py3-none-any.whl", hash = "sha256:56433961bc1f12533306c624f3be5e744389ac61d722175d543e1751285da612"},
    {file = "Werkzeug-2.2.3.tar.gz", hash = "sha256:2e1ccc9417d4da358b9de6f174e3ac094391ea1d4fbef2d667865d819dfd0afe"},
]

[package.dependencies]
MarkupSafe = ">=2.1.1"

[package.extras]
watchdog = ["watchdog"]

[[package]]
name = "zipp"
version = "3.15.0"
description = "Backport of pathlib-compatible object wrapper for zip files"
category = "main"
optional = false
python-versions = ">=3.7"
files = [
    {file = "zipp-3.15.0-py3-none-any.whl", hash = "sha256:48904fc76a60e542af151aded95726c1a5c34ed43ab4134b597665c86d7ad556"},
    {file = "zipp-3.15.0.tar.gz", hash = "sha256:112929ad649da941c23de50f356a2b5570c954b65150642bccdd66bf194d224b"},
]

[package.extras]
docs = ["furo", "jaraco.packaging (>=9)", "jaraco.tidelift (>=1.4)", "rst.linker (>=1.9)", "sphinx (>=3.5)", "sphinx-lint"]
testing = ["big-O", "flake8 (<5)", "jaraco.functools", "jaraco.itertools", "more-itertools", "pytest (>=6)", "pytest-black (>=0.3.7)", "pytest-checkdocs (>=2.4)", "pytest-cov", "pytest-enabler (>=1.3)", "pytest-flake8", "pytest-mypy (>=0.9.1)"]

[metadata]
lock-version = "2.0"
python-versions = "^3.7"
content-hash = "98c91ee105c1812da915bb5765acf376d4d667a9c99cfb11482b1ed5a57e52d4"
